
Microsoft Visual Studio Solution File, Format Version 12.00
# Visual Studio 14
VisualStudioVersion = 14.0.24720.0
MinimumVisualStudioVersion = 10.0.40219.1
Project("{FAE04EC0-301F-11D3-BF4B-00C04F79EFBC}") = "FoxBot", "FoxBot\FoxBot.csproj", "{1C617647-CB18-4D2A-83FE-1E119240E9E0}"
EndProject
Project("{FAE04EC0-301F-11D3-BF4B-00C04F79EFBC}") = "ConsoleApplication1", "ConsoleApplication1\ConsoleApplication1.csproj", "{D3051BB4-6499-407A-93F2-DF1CF866BBAB}"
EndProject
Project("{FAE04EC0-301F-11D3-BF4B-00C04F79EFBC}") = "FoxBoxService", "FoxBoxService\FoxBoxService.csproj", "{D32F2E7E-61CD-4AE9-B8D8-9A9F087ABC72}"
EndProject
Project("{FAE04EC0-301F-11D3-BF4B-00C04F79EFBC}") = "Nebo", "..\nebo\Source\Nebo\Nebo.csproj", "{DF3020D5-AA48-4A61-9C0B-4F7A2C9D08CE}"
EndProject
Global
	GlobalSection(SolutionConfigurationPlatforms) = preSolution
		Debug|Any CPU = Debug|Any CPU
		Release|Any CPU = Release|Any CPU
	EndGlobalSection
	GlobalSection(ProjectConfigurationPlatforms) = postSolution
		{1C617647-CB18-4D2A-83FE-1E119240E9E0}.Debug|Any CPU.ActiveCfg = Debug|Any CPU
		{1C617647-CB18-4D2A-83FE-1E119240E9E0}.Debug|Any CPU.Build.0 = Debug|Any CPU
		{1C617647-CB18-4D2A-83FE-1E119240E9E0}.Release|Any CPU.ActiveCfg = Release|Any CPU
		{1C617647-CB18-4D2A-83FE-1E119240E9E0}.Release|Any CPU.Build.0 = Release|Any CPU
		{D3051BB4-6499-407A-93F2-DF1CF866BBAB}.Debug|Any CPU.ActiveCfg = Debug|Any CPU
		{D3051BB4-6499-407A-93F2-DF1CF866BBAB}.Debug|Any CPU.Build.0 = Debug|Any CPU
		{D3051BB4-6499-407A-93F2-DF1CF866BBAB}.Release|Any CPU.ActiveCfg = Release|Any CPU
		{D3051BB4-6499-407A-93F2-DF1CF866BBAB}.Release|Any CPU.Build.0 = Release|Any CPU
		{D32F2E7E-61CD-4AE9-B8D8-9A9F087ABC72}.Debug|Any CPU.ActiveCfg = Debug|Any CPU
		{D32F2E7E-61CD-4AE9-B8D8-9A9F087ABC72}.Debug|Any CPU.Build.0 = Debug|Any CPU
		{D32F2E7E-61CD-4AE9-B8D8-9A9F087ABC72}.Release|Any CPU.ActiveCfg = Release|Any CPU
		{D32F2E7E-61CD-4AE9-B8D8-9A9F087ABC72}.Release|Any CPU.Build.0 = Release|Any CPU
		{DF3020D5-AA48-4A61-9C0B-4F7A2C9D08CE}.Debug|Any CPU.ActiveCfg = Debug|Any CPU
		{DF3020D5-AA48-4A61-9C0B-4F7A2C9D08CE}.Debug|Any CPU.Build.0 = Debug|Any CPU
		{DF3020D5-AA48-4A61-9C0B-4F7A2C9D08CE}.Release|Any CPU.ActiveCfg = Release|Any CPU
		{DF3020D5-AA48-4A61-9C0B-4F7A2C9D08CE}.Release|Any CPU.Build.0 = Release|Any CPU
	EndGlobalSection
	GlobalSection(SolutionProperties) = preSolution
		HideSolutionNode = FALSE
	EndGlobalSection
EndGlobal
